// !$*UTF8*$!
{
	archiveVersion = 1;
	classes = {
	};
	objectVersion = 46;
	objects = {

/* Begin PBXBuildFile section */
		321A13F81EC910D1008B2249 /* AppDelegate.swift in Sources */ = {isa = PBXBuildFile; fileRef = 321A13F71EC910D1008B2249 /* AppDelegate.swift */; };
		321A13FA1EC910D1008B2249 /* TasksViewController.swift in Sources */ = {isa = PBXBuildFile; fileRef = 321A13F91EC910D1008B2249 /* TasksViewController.swift */; };
		321A13FD1EC910D1008B2249 /* Main.storyboard in Resources */ = {isa = PBXBuildFile; fileRef = 321A13FB1EC910D1008B2249 /* Main.storyboard */; };
		321A14001EC910D1008B2249 /* DoIt.xcdatamodeld in Sources */ = {isa = PBXBuildFile; fileRef = 321A13FE1EC910D1008B2249 /* DoIt.xcdatamodeld */; };
		321A14021EC910D1008B2249 /* Assets.xcassets in Resources */ = {isa = PBXBuildFile; fileRef = 321A14011EC910D1008B2249 /* Assets.xcassets */; };
		321A14051EC910D1008B2249 /* LaunchScreen.storyboard in Resources */ = {isa = PBXBuildFile; fileRef = 321A14031EC910D1008B2249 /* LaunchScreen.storyboard */; };
		321A140D1EC94B1E008B2249 /* Task.swift in Sources */ = {isa = PBXBuildFile; fileRef = 321A140C1EC94B1E008B2249 /* Task.swift */; };
		321A14111ECA8A37008B2249 /* CreateTaskViewController.swift in Sources */ = {isa = PBXBuildFile; fileRef = 321A14101ECA8A37008B2249 /* CreateTaskViewController.swift */; };
		321A14131ECD0E9B008B2249 /* CompleteTaskViewController.swift in Sources */ = {isa = PBXBuildFile; fileRef = 321A14121ECD0E9B008B2249 /* CompleteTaskViewController.swift */; };
/* End PBXBuildFile section */

/* Begin PBXFileReference section */
		321A13F41EC910D1008B2249 /* DoIt.app */ = {isa = PBXFileReference; explicitFileType = wrapper.application; includeInIndex = 0; path = DoIt.app; sourceTree = BUILT_PRODUCTS_DIR; };
		321A13F71EC910D1008B2249 /* AppDelegate.swift */ = {isa = PBXFileReference; lastKnownFileType = sourcecode.swift; path = AppDelegate.swift; sourceTree = "<group>"; };
		321A13F91EC910D1008B2249 /* TasksViewController.swift */ = {isa = PBXFileReference; lastKnownFileType = sourcecode.swift; path = TasksViewController.swift; sourceTree = "<group>"; };
		321A13FC1EC910D1008B2249 /* Base */ = {isa = PBXFileReference; lastKnownFileType = file.storyboard; name = Base; path = Base.lproj/Main.storyboard; sourceTree = "<group>"; };
		321A13FF1EC910D1008B2249 /* DoIt.xcdatamodel */ = {isa = PBXFileReference; lastKnownFileType = wrapper.xcdatamodel; path = DoIt.xcdatamodel; sourceTree = "<group>"; };
		321A14011EC910D1008B2249 /* Assets.xcassets */ = {isa = PBXFileReference; lastKnownFileType = folder.assetcatalog; path = Assets.xcassets; sourceTree = "<group>"; };
		321A14041EC910D1008B2249 /* Base */ = {isa = PBXFileReference; lastKnownFileType = file.storyboard; name = Base; path = Base.lproj/LaunchScreen.storyboard; sourceTree = "<group>"; };
		321A14061EC910D1008B2249 /* Info.plist */ = {isa = PBXFileReference; lastKnownFileType = text.plist.xml; path = Info.plist; sourceTree = "<group>"; };
		321A140C1EC94B1E008B2249 /* Task.swift */ = {isa = PBXFileReference; fileEncoding = 4; lastKnownFileType = sourcecode.swift; path = Task.swift; sourceTree = "<group>"; };
		321A14101ECA8A37008B2249 /* CreateTaskViewController.swift */ = {isa = PBXFileReference; fileEncoding = 4; lastKnownFileType = sourcecode.swift; name = CreateTaskViewController.swift; path = ../CreateTaskViewController.swift; sourceTree = "<group>"; };
		321A14121ECD0E9B008B2249 /* CompleteTaskViewController.swift */ = {isa = PBXFileReference; fileEncoding = 4; lastKnownFileType = sourcecode.swift; path = CompleteTaskViewController.swift; sourceTree = "<group>"; };
/* End PBXFileReference section */

/* Begin PBXFrameworksBuildPhase section */
		321A13F11EC910D1008B2249 /* Frameworks */ = {
			isa = PBXFrameworksBuildPhase;
			buildActionMask = 2147483647;
			files = (
			);
			runOnlyForDeploymentPostprocessing = 0;
		};
/* End PBXFrameworksBuildPhase section */

/* Begin PBXGroup section */
		321A13EB1EC910D1008B2249 = {
			isa = PBXGroup;
			children = (
				321A13F61EC910D1008B2249 /* DoIt */,
				321A13F51EC910D1008B2249 /* Products */,
			);
			sourceTree = "<group>";
		};
		321A13F51EC910D1008B2249 /* Products */ = {
			isa = PBXGroup;
			children = (
				321A13F41EC910D1008B2249 /* DoIt.app */,
			);
			name = Products;
			sourceTree = "<group>";
		};
		321A13F61EC910D1008B2249 /* DoIt */ = {
			isa = PBXGroup;
			children = (
				321A13F71EC910D1008B2249 /* AppDelegate.swift */,
				321A13F91EC910D1008B2249 /* TasksViewController.swift */,
				321A14121ECD0E9B008B2249 /* CompleteTaskViewController.swift */,
				321A14101ECA8A37008B2249 /* CreateTaskViewController.swift */,
				321A140C1EC94B1E008B2249 /* Task.swift */,
				321A13FB1EC910D1008B2249 /* Main.storyboard */,
				321A14011EC910D1008B2249 /* Assets.xcassets */,
				321A14031EC910D1008B2249 /* LaunchScreen.storyboard */,
				321A14061EC910D1008B2249 /* Info.plist */,
				321A13FE1EC910D1008B2249 /* DoIt.xcdatamodeld */,
			);
			path = DoIt;
			sourceTree = "<group>";
		};
/* End PBXGroup section */

/* Begin PBXNativeTarget section */
		321A13F31EC910D1008B2249 /* DoIt */ = {
			isa = PBXNativeTarget;
			buildConfigurationList = 321A14091EC910D1008B2249 /* Build configuration list for PBXNativeTarget "DoIt" */;
			buildPhases = (
				321A13F01EC910D1008B2249 /* Sources */,
				321A13F11EC910D1008B2249 /* Frameworks */,
				321A13F21EC910D1008B2249 /* Resources */,
			);
			buildRules = (
			);
			dependencies = (
			);
			name = DoIt;
			productName = DoIt;
			productReference = 321A13F41EC910D1008B2249 /* DoIt.app */;
			productType = "com.apple.product-type.application";
		};
/* End PBXNativeTarget section */

/* Begin PBXProject section */
		321A13EC1EC910D1008B2249 /* Project object */ = {
			isa = PBXProject;
			attributes = {
				LastSwiftUpdateCheck = 0830;
				LastUpgradeCheck = 0830;
				ORGANIZATIONNAME = TriggerTap;
				TargetAttributes = {
					321A13F31EC910D1008B2249 = {
						CreatedOnToolsVersion = 8.3.2;
						DevelopmentTeam = MY8JY4PEQS;
						ProvisioningStyle = Automatic;
					};
				};
			};
			buildConfigurationList = 321A13EF1EC910D1008B2249 /* Build configuration list for PBXProject "DoIt" */;
			compatibilityVersion = "Xcode 3.2";
			developmentRegion = English;
			hasScannedForEncodings = 0;
			knownRegions = (
				en,
				Base,
			);
			mainGroup = 321A13EB1EC910D1008B2249;
			productRefGroup = 321A13F51EC910D1008B2249 /* Products */;
			projectDirPath = "";
			projectRoot = "";
			targets = (
				321A13F31EC910D1008B2249 /* DoIt */,
			);
		};
/* End PBXProject section */

/* Begin PBXResourcesBuildPhase section */
		321A13F21EC910D1008B2249 /* Resources */ = {
			isa = PBXResourcesBuildPhase;
			buildActionMask = 2147483647;
			files = (
				321A14051EC910D1008B2249 /* LaunchScreen.storyboard in Resources */,
				321A14021EC910D1008B2249 /* Assets.xcassets in Resources */,
				321A13FD1EC910D1008B2249 /* Main.storyboard in Resources */,
			);
			runOnlyForDeploymentPostprocessing = 0;
		};
/* End PBXResourcesBuildPhase section */

/* Begin PBXSourcesBuildPhase section */
		321A13F01EC910D1008B2249 /* Sources */ = {
			isa = PBXSourcesBuildPhase;
			buildActionMask = 2147483647;
			files = (
				321A140D1EC94B1E008B2249 /* Task.swift in Sources */,
				321A14001EC910D1008B2249 /* DoIt.xcdatamodeld in Sources */,
				321A14131ECD0E9B008B2249 /* CompleteTaskViewController.swift in Sources */,
				321A13FA1EC910D1008B2249 /* TasksViewController.swift in Sources */,
				321A13F81EC910D1008B2249 /* AppDelegate.swift in Sources */,
				321A14111ECA8A37008B2249 /* CreateTaskViewController.swift in Sources */,
			);
			runOnlyForDeploymentPostprocessing = 0;
		};
/* End PBXSourcesBuildPhase section */

/* Begin PBXVariantGroup section */
		321A13FB1EC910D1008B2249 /* Main.storyboard */ = {
			isa = PBXVariantGroup;
			children = (
				321A13FC1EC910D1008B2249 /* Base */,
			);
			name = Main.storyboard;
			sourceTree = "<group>";
		};
		321A14031EC910D1008B2249 /* LaunchScreen.storyboard */ = {
			isa = PBXVariantGroup;
			children = (
				321A14041EC910D1008B2249 /* Base */,
			);
			name = LaunchScreen.storyboard;
			sourceTree = "<group>";
		};
/* End PBXVariantGroup section */

/* Begin XCBuildConfiguration section */
		321A14071EC910D1008B2249 /* Debug */ = {
			isa = XCBuildConfiguration;
			buildSettings = {
				ALWAYS_SEARCH_USER_PATHS = NO;
				CLANG_ANALYZER_NONNULL = YES;
				CLANG_ANALYZER_NUMBER_OBJECT_CONVERSION = YES_AGGRESSIVE;
				CLANG_CXX_LANGUAGE_STANDARD = "gnu++0x";
				CLANG_CXX_LIBRARY = "libc++";
				CLANG_ENABLE_MODULES = YES;
				CLANG_ENABLE_OBJC_ARC = YES;
				CLANG_WARN_BOOL_CONVERSION = YES;
				CLANG_WARN_CONSTANT_CONVERSION = YES;
				CLANG_WARN_DIRECT_OBJC_ISA_USAGE = YES_ERROR;
				CLANG_WARN_DOCUMENTATION_COMMENTS = YES;
				CLANG_WARN_EMPTY_BODY = YES;
				CLANG_WARN_ENUM_CONVERSION = YES;
				CLANG_WARN_INFINITE_RECURSION = YES;
				CLANG_WARN_INT_CONVERSION = YES;
				CLANG_WARN_OBJC_ROOT_CLASS = YES_ERROR;
				CLANG_WARN_SUSPICIOUS_MOVE = YES;
				CLANG_WARN_UNREACHABLE_CODE = YES;
				CLANG_WARN__DUPLICATE_METHOD_MATCH = YES;
				"CODE_SIGN_IDENTITY[sdk=iphoneos*]" = "iPhone Developer";
				COPY_PHASE_STRIP = NO;
				DEBUG_INFORMATION_FORMAT = dwarf;
				ENABLE_STRICT_OBJC_MSGSEND = YES;
				ENABLE_TESTABILITY = YES;
				GCC_C_LANGUAGE_STANDARD = gnu99;
				GCC_DYNAMIC_NO_PIC = NO;
				GCC_NO_COMMON_BLOCKS = YES;
				GCC_OPTIMIZATION_LEVEL = 0;
				GCC_PREPROCESSOR_DEFINITIONS = (
					"DEBUG=1",
					"$(inherited)",
				);
				GCC_WARN_64_TO_32_BIT_CONVERSION = YES;
				GCC_WARN_ABOUT_RETURN_TYPE = YES_ERROR;
				GCC_WARN_UNDECLARED_SELECTOR = YES;
				GCC_WARN_UNINITIALIZED_AUTOS = YES_AGGRESSIVE;
				GCC_WARN_UNUSED_FUNCTION = YES;
				GCC_WARN_UNUSED_VARIABLE = YES;
				IPHONEOS_DEPLOYMENT_TARGET = 10.3;
				MTL_ENABLE_DEBUG_INFO = YES;
				ONLY_ACTIVE_ARCH = YES;
				SDKROOT = iphoneos;
				SWIFT_ACTIVE_COMPILATION_CONDITIONS = DEBUG;
				SWIFT_OPTIMIZATION_LEVEL = "-Onone";
				TARGETED_DEVICE_FAMILY = "1,2";
			};
			name = Debug;
		};
		321A14081EC910D1008B2249 /* Release */ = {
			isa = XCBuildConfiguration;
			buildSettings = {
				ALWAYS_SEARCH_USER_PATHS = NO;
				CLANG_ANALYZER_NONNULL = YES;
				CLANG_ANALYZER_NUMBER_OBJECT_CONVERSION = YES_AGGRESSIVE;
				CLANG_CXX_LANGUAGE_STANDARD = "gnu++0x";
				CLANG_CXX_LIBRARY = "libc++";
				CLANG_ENABLE_MODULES = YES;
				CLANG_ENABLE_OBJC_ARC = YES;
				CLANG_WARN_BOOL_CONVERSION = YES;
				CLANG_WARN_CONSTANT_CONVERSION = YES;
				CLANG_WARN_DIRECT_OBJC_ISA_USAGE = YES_ERROR;
				CLANG_WARN_DOCUMENTATION_COMMENTS = YES;
				CLANG_WARN_EMPTY_BODY = YES;
				CLANG_WARN_ENUM_CONVERSION = YES;
				CLANG_WARN_INFINITE_RECURSION = YES;
				CLANG_WARN_INT_CONVERSION = YES;
				CLANG_WARN_OBJC_ROOT_CLASS = YES_ERROR;
				CLANG_WARN_SUSPICIOUS_MOVE = YES;
				CLANG_WARN_UNREACHABLE_CODE = YES;
				CLANG_WARN__DUPLICATE_METHOD_MATCH = YES;
				"CODE_SIGN_IDENTITY[sdk=iphoneos*]" = "iPhone Developer";
				COPY_PHASE_STRIP = NO;
				DEBUG_INFORMATION_FORMAT = "dwarf-with-dsym";
				ENABLE_NS_ASSERTIONS = NO;
				ENABLE_STRICT_OBJC_MSGSEND = YES;
				GCC_C_LANGUAGE_STANDARD = gnu99;
				GCC_NO_COMMON_BLOCKS = YES;
				GCC_WARN_64_TO_32_BIT_CONVERSION = YES;
				GCC_WARN_ABOUT_RETURN_TYPE = YES_ERROR;
				GCC_WARN_UNDECLARED_SELECTOR = YES;
				GCC_WARN_UNINITIALIZED_AUTOS = YES_AGGRESSIVE;
				GCC_WARN_UNUSED_FUNCTION = YES;
				GCC_WARN_UNUSED_VARIABLE = YES;
				IPHONEOS_DEPLOYMENT_TARGET = 10.3;
				MTL_ENABLE_DEBUG_INFO = NO;
				SDKROOT = iphoneos;
				SWIFT_OPTIMIZATION_LEVEL = "-Owholemodule";
				TARGETED_DEVICE_FAMILY = "1,2";
				VALIDATE_PRODUCT = YES;
			};
			name = Release;
		};
		321A140A1EC910D1008B2249 /* Debug */ = {
			isa = XCBuildConfiguration;
			buildSettings = {
				ASSETCATALOG_COMPILER_APPICON_NAME = AppIcon;
				DEVELOPMENT_TEAM = MY8JY4PEQS;
				INFOPLIST_FILE = DoIt/Info.plist;
				LD_RUNPATH_SEARCH_PATHS = "$(inherited) @executable_path/Frameworks";
				PRODUCT_BUNDLE_IDENTIFIER = com.triggertap.DoIt;
				PRODUCT_NAME = "$(TARGET_NAME)";
				SWIFT_VERSION = 3.0;
			};
			name = Debug;
		};
		321A140B1EC910D1008B2249 /* Release */ = {
			isa = XCBuildConfiguration;
			buildSettings = {
				ASSETCATALOG_COMPILER_APPICON_NAME = AppIcon;
				DEVELOPMENT_TEAM = MY8JY4PEQS;
				INFOPLIST_FILE = DoIt/Info.plist;
				LD_RUNPATH_SEARCH_PATHS = "$(inherited) @executable_path/Frameworks";
				PRODUCT_BUNDLE_IDENTIFIER = com.triggertap.DoIt;
				PRODUCT_NAME = "$(TARGET_NAME)";
				SWIFT_VERSION = 3.0;
			};
			name = Release;
		};
/* End XCBuildConfiguration section */

/* Begin XCConfigurationList section */
		321A13EF1EC910D1008B2249 /* Build configuration list for PBXProject "DoIt" */ = {
			isa = XCConfigurationList;
			buildConfigurations = (
				321A14071EC910D1008B2249 /* Debug */,
				321A14081EC910D1008B2249 /* Release */,
			);
			defaultConfigurationIsVisible = 0;
			defaultConfigurationName = Release;
		};
		321A14091EC910D1008B2249 /* Build configuration list for PBXNativeTarget "DoIt" */ = {
			isa = XCConfigurationList;
			buildConfigurations = (
				321A140A1EC910D1008B2249 /* Debug */,
				321A140B1EC910D1008B2249 /* Release */,
			);
			defaultConfigurationIsVisible = 0;
		};
/* End XCConfigurationList section */

/* Begin XCVersionGroup section */
		321A13FE1EC910D1008B2249 /* DoIt.xcdatamodeld */ = {
			isa = XCVersionGroup;
			children = (
				321A13FF1EC910D1008B2249 /* DoIt.xcdatamodel */,
			);
			currentVersion = 321A13FF1EC910D1008B2249 /* DoIt.xcdatamodel */;
			path = DoIt.xcdatamodeld;
			sourceTree = "<group>";
			versionGroupType = wrapper.xcdatamodel;
		};
/* End XCVersionGroup section */
	};
	rootObject = 321A13EC1EC910D1008B2249 /* Project object */;
}
